
Microsoft Visual Studio Solution File, Format Version 12.00
# Visual Studio Version 17
VisualStudioVersion = 17.2.32616.157
MinimumVisualStudioVersion = 10.0.40219.1
Project("{9A19103F-16F7-4668-BE54-9A1E7A4F7556}") = "O&Z_IL2CPP_Security", "O&Z_IL2CPP_Security\O&Z_IL2CPP_Security.csproj", "{4E5AACF4-3987-4103-AE68-B499BD778CA4}"
EndProject
Project("{9A19103F-16F7-4668-BE54-9A1E7A4F7556}") = "OZ_IL2CPP_GUI", "OZ_IL2CPP_GUI\OZ_IL2CPP_GUI.csproj", "{821B543B-3BBB-4E49-8296-88B355E53976}"
EndProject
Project("{9A19103F-16F7-4668-BE54-9A1E7A4F7556}") = "dnlib.test", "O&Z_Obfuscator\dnlib.test.csproj", "{BDBF159B-C161-4800-A261-9628714D30EE}"
EndProject
Global
	GlobalSection(SolutionConfigurationPlatforms) = preSolution
		Debug|Any CPU = Debug|Any CPU
		Debug|x64 = Debug|x64
		Debug|x86 = Debug|x86
		Release|Any CPU = Release|Any CPU
		Release|x64 = Release|x64
		Release|x86 = Release|x86
	EndGlobalSection
	GlobalSection(ProjectConfigurationPlatforms) = postSolution
		{4E5AACF4-3987-4103-AE68-B499BD778CA4}.Debug|Any CPU.ActiveCfg = Debug|Any CPU
		{4E5AACF4-3987-4103-AE68-B499BD778CA4}.Debug|Any CPU.Build.0 = Debug|Any CPU
		{4E5AACF4-3987-4103-AE68-B499BD778CA4}.Debug|x64.ActiveCfg = Debug|Any CPU
		{4E5AACF4-3987-4103-AE68-B499BD778CA4}.Debug|x64.Build.0 = Debug|Any CPU
		{4E5AACF4-3987-4103-AE68-B499BD778CA4}.Debug|x86.ActiveCfg = Debug|Any CPU
		{4E5AACF4-3987-4103-AE68-B499BD778CA4}.Debug|x86.Build.0 = Debug|Any CPU
		{4E5AACF4-3987-4103-AE68-B499BD778CA4}.Release|Any CPU.ActiveCfg = Release|Any CPU
		{4E5AACF4-3987-4103-AE68-B499BD778CA4}.Release|Any CPU.Build.0 = Release|Any CPU
		{4E5AACF4-3987-4103-AE68-B499BD778CA4}.Release|x64.ActiveCfg = Release|Any CPU
		{4E5AACF4-3987-4103-AE68-B499BD778CA4}.Release|x64.Build.0 = Release|Any CPU
		{4E5AACF4-3987-4103-AE68-B499BD778CA4}.Release|x86.ActiveCfg = Release|Any CPU
		{4E5AACF4-3987-4103-AE68-B499BD778CA4}.Release|x86.Build.0 = Release|Any CPU
		{821B543B-3BBB-4E49-8296-88B355E53976}.Debug|Any CPU.ActiveCfg = Debug|Any CPU
		{821B543B-3BBB-4E49-8296-88B355E53976}.Debug|Any CPU.Build.0 = Debug|Any CPU
		{821B543B-3BBB-4E49-8296-88B355E53976}.Debug|x64.ActiveCfg = Debug|Any CPU
		{821B543B-3BBB-4E49-8296-88B355E53976}.Debug|x64.Build.0 = Debug|Any CPU
		{821B543B-3BBB-4E49-8296-88B355E53976}.Debug|x86.ActiveCfg = Debug|Any CPU
		{821B543B-3BBB-4E49-8296-88B355E53976}.Debug|x86.Build.0 = Debug|Any CPU
		{821B543B-3BBB-4E49-8296-88B355E53976}.Release|Any CPU.ActiveCfg = Release|Any CPU
		{821B543B-3BBB-4E49-8296-88B355E53976}.Release|Any CPU.Build.0 = Release|Any CPU
		{821B543B-3BBB-4E49-8296-88B355E53976}.Release|x64.ActiveCfg = Release|Any CPU
		{821B543B-3BBB-4E49-8296-88B355E53976}.Release|x64.Build.0 = Release|Any CPU
		{821B543B-3BBB-4E49-8296-88B355E53976}.Release|x86.ActiveCfg = Release|Any CPU
		{821B543B-3BBB-4E49-8296-88B355E53976}.Release|x86.Build.0 = Release|Any CPU
		{BDBF159B-C161-4800-A261-9628714D30EE}.Debug|Any CPU.ActiveCfg = Debug|Any CPU
		{BDBF159B-C161-4800-A261-9628714D30EE}.Debug|Any CPU.Build.0 = Debug|Any CPU
		{BDBF159B-C161-4800-A261-9628714D30EE}.Debug|x64.ActiveCfg = Debug|Any CPU
		{BDBF159B-C161-4800-A261-9628714D30EE}.Debug|x64.Build.0 = Debug|Any CPU
		{BDBF159B-C161-4800-A261-9628714D30EE}.Debug|x86.ActiveCfg = Debug|Any CPU
		{BDBF159B-C161-4800-A261-9628714D30EE}.Debug|x86.Build.0 = Debug|Any CPU
		{BDBF159B-C161-4800-A261-9628714D30EE}.Release|Any CPU.ActiveCfg = Release|Any CPU
		{BDBF159B-C161-4800-A261-9628714D30EE}.Release|Any CPU.Build.0 = Release|Any CPU
		{BDBF159B-C161-4800-A261-9628714D30EE}.Release|x64.ActiveCfg = Release|Any CPU
		{BDBF159B-C161-4800-A261-9628714D30EE}.Release|x64.Build.0 = Release|Any CPU
		{BDBF159B-C161-4800-A261-9628714D30EE}.Release|x86.ActiveCfg = Release|Any CPU
		{BDBF159B-C161-4800-A261-9628714D30EE}.Release|x86.Build.0 = Release|Any CPU
	EndGlobalSection
	GlobalSection(SolutionProperties) = preSolution
		HideSolutionNode = FALSE
	EndGlobalSection
	GlobalSection(ExtensibilityGlobals) = postSolution
		SolutionGuid = {E8574DC9-074D-4F19-9C37-EEE1D1963A9C}
	EndGlobalSection
EndGlobal
