
Microsoft Visual Studio Solution File, Format Version 12.00
# Visual Studio Version 16
VisualStudioVersion = 16.0.32106.194
MinimumVisualStudioVersion = 10.0.40219.1
Project("{FAE04EC0-301F-11D3-BF4B-00C04F79EFBC}") = "OZ_IL2CPP_GUI", "OZ_IL2CPP_GUI.csproj", "{13E1A7E4-6FD1-405A-A36C-3BDAFADA434C}"
EndProject
Global
	GlobalSection(SolutionConfigurationPlatforms) = preSolution
		Debug|Any CPU = Debug|Any CPU
		Release|Any CPU = Release|Any CPU
	EndGlobalSection
	GlobalSection(ProjectConfigurationPlatforms) = postSolution
		{13E1A7E4-6FD1-405A-A36C-3BDAFADA434C}.Debug|Any CPU.ActiveCfg = Debug|Any CPU
		{13E1A7E4-6FD1-405A-A36C-3BDAFADA434C}.Debug|Any CPU.Build.0 = Debug|Any CPU
		{13E1A7E4-6FD1-405A-A36C-3BDAFADA434C}.Release|Any CPU.ActiveCfg = Release|Any CPU
		{13E1A7E4-6FD1-405A-A36C-3BDAFADA434C}.Release|Any CPU.Build.0 = Release|Any CPU
	EndGlobalSection
	GlobalSection(SolutionProperties) = preSolution
		HideSolutionNode = FALSE
	EndGlobalSection
	GlobalSection(ExtensibilityGlobals) = postSolution
		SolutionGuid = {F3E80639-A208-4CAE-94C5-43545935DD9E}
	EndGlobalSection
EndGlobal
