
Microsoft Visual Studio Solution File, Format Version 12.00
# Visual Studio Version 17
VisualStudioVersion = 17.2.32616.157
MinimumVisualStudioVersion = 10.0.40219.1
Project("{FAE04EC0-301F-11D3-BF4B-00C04F79EFBC}") = "dnlib.test", "dnlib.test.csproj", "{2F8EEAF7-10AF-4324-8171-B22B8357DD94}"
EndProject
Global
	GlobalSection(SolutionConfigurationPlatforms) = preSolution
		Debug|Any CPU = Debug|Any CPU
		Release|Any CPU = Release|Any CPU
	EndGlobalSection
	GlobalSection(ProjectConfigurationPlatforms) = postSolution
		{2F8EEAF7-10AF-4324-8171-B22B8357DD94}.Debug|Any CPU.ActiveCfg = Debug|Any CPU
		{2F8EEAF7-10AF-4324-8171-B22B8357DD94}.Debug|Any CPU.Build.0 = Debug|Any CPU
		{2F8EEAF7-10AF-4324-8171-B22B8357DD94}.Release|Any CPU.ActiveCfg = Release|Any CPU
		{2F8EEAF7-10AF-4324-8171-B22B8357DD94}.Release|Any CPU.Build.0 = Release|Any CPU
	EndGlobalSection
	GlobalSection(SolutionProperties) = preSolution
		HideSolutionNode = FALSE
	EndGlobalSection
	GlobalSection(ExtensibilityGlobals) = postSolution
		SolutionGuid = {AFC34FBD-928E-4194-9142-E7ECB03D7E64}
	EndGlobalSection
EndGlobal
